
Microsoft Visual Studio Solution File, Format Version 12.00
# Visual Studio Version 17
VisualStudioVersion = 17.3.32901.215
MinimumVisualStudioVersion = 10.0.40219.1
Project("{FAE04EC0-301F-11D3-BF4B-00C04F79EFBC}") = "ClubInterface", "ClubInterface\ClubInterface.csproj", "{AC50D990-9D0D-43B7-8D07-5403E6B29A8F}"
EndProject
Global
	GlobalSection(SolutionConfigurationPlatforms) = preSolution
		Debug|Any CPU = Debug|Any CPU
		Release|Any CPU = Release|Any CPU
	EndGlobalSection
	GlobalSection(ProjectConfigurationPlatforms) = postSolution
		{AC50D990-9D0D-43B7-8D07-5403E6B29A8F}.Debug|Any CPU.ActiveCfg = Debug|Any CPU
		{AC50D990-9D0D-43B7-8D07-5403E6B29A8F}.Debug|Any CPU.Build.0 = Debug|Any CPU
		{AC50D990-9D0D-43B7-8D07-5403E6B29A8F}.Release|Any CPU.ActiveCfg = Release|Any CPU
		{AC50D990-9D0D-43B7-8D07-5403E6B29A8F}.Release|Any CPU.Build.0 = Release|Any CPU
	EndGlobalSection
	GlobalSection(SolutionProperties) = preSolution
		HideSolutionNode = FALSE
	EndGlobalSection
	GlobalSection(ExtensibilityGlobals) = postSolution
		SolutionGuid = {504927FD-5F29-48F7-A109-433EA5EFC085}
	EndGlobalSection
EndGlobal
